// !$*UTF8*$!
{
	archiveVersion = 1;
	classes = {
	};
	objectVersion = 46;
	objects = {

/* Begin PBXBuildFile section */
		184563441AC0E7C100CF7FD0 /* AppDelegate.swift in Sources */ = {isa = PBXBuildFile; fileRef = 184563431AC0E7C100CF7FD0 /* AppDelegate.swift */; };
		184563461AC0E7C100CF7FD0 /* ViewController.swift in Sources */ = {isa = PBXBuildFile; fileRef = 184563451AC0E7C100CF7FD0 /* ViewController.swift */; };
		184563491AC0E7C100CF7FD0 /* Main.storyboard in Resources */ = {isa = PBXBuildFile; fileRef = 184563471AC0E7C100CF7FD0 /* Main.storyboard */; };
		1845634B1AC0E7C100CF7FD0 /* Images.xcassets in Resources */ = {isa = PBXBuildFile; fileRef = 1845634A1AC0E7C100CF7FD0 /* Images.xcassets */; };
		1845634E1AC0E7C100CF7FD0 /* LaunchScreen.xib in Resources */ = {isa = PBXBuildFile; fileRef = 1845634C1AC0E7C100CF7FD0 /* LaunchScreen.xib */; };
		1845635A1AC0E7C200CF7FD0 /* WJSwiftDictModelTests.swift in Sources */ = {isa = PBXBuildFile; fileRef = 184563591AC0E7C200CF7FD0 /* WJSwiftDictModelTests.swift */; };
		184563661AC0E93600CF7FD0 /* DictModelManager.swift in Sources */ = {isa = PBXBuildFile; fileRef = 184563651AC0E93600CF7FD0 /* DictModelManager.swift */; };
/* End PBXBuildFile section */

/* Begin PBXContainerItemProxy section */
		184563541AC0E7C200CF7FD0 /* PBXContainerItemProxy */ = {
			isa = PBXContainerItemProxy;
			containerPortal = 184563361AC0E7C100CF7FD0 /* Project object */;
			proxyType = 1;
			remoteGlobalIDString = 1845633D1AC0E7C100CF7FD0;
			remoteInfo = WJSwiftDictModel;
		};
/* End PBXContainerItemProxy section */

/* Begin PBXFileReference section */
		1845633E1AC0E7C100CF7FD0 /* WJSwiftDictModel.app */ = {isa = PBXFileReference; explicitFileType = wrapper.application; includeInIndex = 0; path = WJSwiftDictModel.app; sourceTree = BUILT_PRODUCTS_DIR; };
		184563421AC0E7C100CF7FD0 /* Info.plist */ = {isa = PBXFileReference; lastKnownFileType = text.plist.xml; path = Info.plist; sourceTree = "<group>"; };
		184563431AC0E7C100CF7FD0 /* AppDelegate.swift */ = {isa = PBXFileReference; lastKnownFileType = sourcecode.swift; path = AppDelegate.swift; sourceTree = "<group>"; };
		184563451AC0E7C100CF7FD0 /* ViewController.swift */ = {isa = PBXFileReference; lastKnownFileType = sourcecode.swift; path = ViewController.swift; sourceTree = "<group>"; };
		184563481AC0E7C100CF7FD0 /* Base */ = {isa = PBXFileReference; lastKnownFileType = file.storyboard; name = Base; path = Base.lproj/Main.storyboard; sourceTree = "<group>"; };
		1845634A1AC0E7C100CF7FD0 /* Images.xcassets */ = {isa = PBXFileReference; lastKnownFileType = folder.assetcatalog; path = Images.xcassets; sourceTree = "<group>"; };
		1845634D1AC0E7C100CF7FD0 /* Base */ = {isa = PBXFileReference; lastKnownFileType = file.xib; name = Base; path = Base.lproj/LaunchScreen.xib; sourceTree = "<group>"; };
		184563531AC0E7C200CF7FD0 /* WJSwiftDictModelTests.xctest */ = {isa = PBXFileReference; explicitFileType = wrapper.cfbundle; includeInIndex = 0; path = WJSwiftDictModelTests.xctest; sourceTree = BUILT_PRODUCTS_DIR; };
		184563581AC0E7C200CF7FD0 /* Info.plist */ = {isa = PBXFileReference; lastKnownFileType = text.plist.xml; path = Info.plist; sourceTree = "<group>"; };
		184563591AC0E7C200CF7FD0 /* WJSwiftDictModelTests.swift */ = {isa = PBXFileReference; lastKnownFileType = sourcecode.swift; path = WJSwiftDictModelTests.swift; sourceTree = "<group>"; };
		184563651AC0E93600CF7FD0 /* DictModelManager.swift */ = {isa = PBXFileReference; fileEncoding = 4; lastKnownFileType = sourcecode.swift; path = DictModelManager.swift; sourceTree = "<group>"; };
/* End PBXFileReference section */

/* Begin PBXFrameworksBuildPhase section */
		1845633B1AC0E7C100CF7FD0 /* Frameworks */ = {
			isa = PBXFrameworksBuildPhase;
			buildActionMask = 2147483647;
			files = (
			);
			runOnlyForDeploymentPostprocessing = 0;
		};
		184563501AC0E7C200CF7FD0 /* Frameworks */ = {
			isa = PBXFrameworksBuildPhase;
			buildActionMask = 2147483647;
			files = (
			);
			runOnlyForDeploymentPostprocessing = 0;
		};
/* End PBXFrameworksBuildPhase section */

/* Begin PBXGroup section */
		184563351AC0E7C100CF7FD0 = {
			isa = PBXGroup;
			children = (
				184563401AC0E7C100CF7FD0 /* WJSwiftDictModel */,
				184563561AC0E7C200CF7FD0 /* WJSwiftDictModelTests */,
				1845633F1AC0E7C100CF7FD0 /* Products */,
			);
			sourceTree = "<group>";
		};
		1845633F1AC0E7C100CF7FD0 /* Products */ = {
			isa = PBXGroup;
			children = (
				1845633E1AC0E7C100CF7FD0 /* WJSwiftDictModel.app */,
				184563531AC0E7C200CF7FD0 /* WJSwiftDictModelTests.xctest */,
			);
			name = Products;
			sourceTree = "<group>";
		};
		184563401AC0E7C100CF7FD0 /* WJSwiftDictModel */ = {
			isa = PBXGroup;
			children = (
				184563431AC0E7C100CF7FD0 /* AppDelegate.swift */,
				184563451AC0E7C100CF7FD0 /* ViewController.swift */,
				184563651AC0E93600CF7FD0 /* DictModelManager.swift */,
				184563411AC0E7C100CF7FD0 /* Supporting Files */,
			);
			path = WJSwiftDictModel;
			sourceTree = "<group>";
		};
		184563411AC0E7C100CF7FD0 /* Supporting Files */ = {
			isa = PBXGroup;
			children = (
				184563471AC0E7C100CF7FD0 /* Main.storyboard */,
				1845634A1AC0E7C100CF7FD0 /* Images.xcassets */,
				1845634C1AC0E7C100CF7FD0 /* LaunchScreen.xib */,
				184563421AC0E7C100CF7FD0 /* Info.plist */,
			);
			name = "Supporting Files";
			sourceTree = "<group>";
		};
		184563561AC0E7C200CF7FD0 /* WJSwiftDictModelTests */ = {
			isa = PBXGroup;
			children = (
				184563591AC0E7C200CF7FD0 /* WJSwiftDictModelTests.swift */,
				184563571AC0E7C200CF7FD0 /* Supporting Files */,
			);
			path = WJSwiftDictModelTests;
			sourceTree = "<group>";
		};
		184563571AC0E7C200CF7FD0 /* Supporting Files */ = {
			isa = PBXGroup;
			children = (
				184563581AC0E7C200CF7FD0 /* Info.plist */,
			);
			name = "Supporting Files";
			sourceTree = "<group>";
		};
/* End PBXGroup section */

/* Begin PBXNativeTarget section */
		1845633D1AC0E7C100CF7FD0 /* WJSwiftDictModel */ = {
			isa = PBXNativeTarget;
			buildConfigurationList = 1845635D1AC0E7C200CF7FD0 /* Build configuration list for PBXNativeTarget "WJSwiftDictModel" */;
			buildPhases = (
				1845633A1AC0E7C100CF7FD0 /* Sources */,
				1845633B1AC0E7C100CF7FD0 /* Frameworks */,
				1845633C1AC0E7C100CF7FD0 /* Resources */,
			);
			buildRules = (
			);
			dependencies = (
			);
			name = WJSwiftDictModel;
			productName = WJSwiftDictModel;
			productReference = 1845633E1AC0E7C100CF7FD0 /* WJSwiftDictModel.app */;
			productType = "com.apple.product-type.application";
		};
		184563521AC0E7C200CF7FD0 /* WJSwiftDictModelTests */ = {
			isa = PBXNativeTarget;
			buildConfigurationList = 184563601AC0E7C200CF7FD0 /* Build configuration list for PBXNativeTarget "WJSwiftDictModelTests" */;
			buildPhases = (
				1845634F1AC0E7C200CF7FD0 /* Sources */,
				184563501AC0E7C200CF7FD0 /* Frameworks */,
				184563511AC0E7C200CF7FD0 /* Resources */,
			);
			buildRules = (
			);
			dependencies = (
				184563551AC0E7C200CF7FD0 /* PBXTargetDependency */,
			);
			name = WJSwiftDictModelTests;
			productName = WJSwiftDictModelTests;
			productReference = 184563531AC0E7C200CF7FD0 /* WJSwiftDictModelTests.xctest */;
			productType = "com.apple.product-type.bundle.unit-test";
		};
/* End PBXNativeTarget section */

/* Begin PBXProject section */
		184563361AC0E7C100CF7FD0 /* Project object */ = {
			isa = PBXProject;
			attributes = {
				LastUpgradeCheck = 0630;
				ORGANIZATIONNAME = Kevin;
				TargetAttributes = {
					1845633D1AC0E7C100CF7FD0 = {
						CreatedOnToolsVersion = 6.3;
					};
					184563521AC0E7C200CF7FD0 = {
						CreatedOnToolsVersion = 6.3;
						TestTargetID = 1845633D1AC0E7C100CF7FD0;
					};
				};
			};
			buildConfigurationList = 184563391AC0E7C100CF7FD0 /* Build configuration list for PBXProject "WJSwiftDictModel" */;
			compatibilityVersion = "Xcode 3.2";
			developmentRegion = English;
			hasScannedForEncodings = 0;
			knownRegions = (
				en,
				Base,
			);
			mainGroup = 184563351AC0E7C100CF7FD0;
			productRefGroup = 1845633F1AC0E7C100CF7FD0 /* Products */;
			projectDirPath = "";
			projectRoot = "";
			targets = (
				1845633D1AC0E7C100CF7FD0 /* WJSwiftDictModel */,
				184563521AC0E7C200CF7FD0 /* WJSwiftDictModelTests */,
			);
		};
/* End PBXProject section */

/* Begin PBXResourcesBuildPhase section */
		1845633C1AC0E7C100CF7FD0 /* Resources */ = {
			isa = PBXResourcesBuildPhase;
			buildActionMask = 2147483647;
			files = (
				184563491AC0E7C100CF7FD0 /* Main.storyboard in Resources */,
				1845634E1AC0E7C100CF7FD0 /* LaunchScreen.xib in Resources */,
				1845634B1AC0E7C100CF7FD0 /* Images.xcassets in Resources */,
			);
			runOnlyForDeploymentPostprocessing = 0;
		};
		184563511AC0E7C200CF7FD0 /* Resources */ = {
			isa = PBXResourcesBuildPhase;
			buildActionMask = 2147483647;
			files = (
			);
			runOnlyForDeploymentPostprocessing = 0;
		};
/* End PBXResourcesBuildPhase section */

/* Begin PBXSourcesBuildPhase section */
		1845633A1AC0E7C100CF7FD0 /* Sources */ = {
			isa = PBXSourcesBuildPhase;
			buildActionMask = 2147483647;
			files = (
				184563461AC0E7C100CF7FD0 /* ViewController.swift in Sources */,
				184563661AC0E93600CF7FD0 /* DictModelManager.swift in Sources */,
				184563441AC0E7C100CF7FD0 /* AppDelegate.swift in Sources */,
			);
			runOnlyForDeploymentPostprocessing = 0;
		};
		1845634F1AC0E7C200CF7FD0 /* Sources */ = {
			isa = PBXSourcesBuildPhase;
			buildActionMask = 2147483647;
			files = (
				1845635A1AC0E7C200CF7FD0 /* WJSwiftDictModelTests.swift in Sources */,
			);
			runOnlyForDeploymentPostprocessing = 0;
		};
/* End PBXSourcesBuildPhase section */

/* Begin PBXTargetDependency section */
		184563551AC0E7C200CF7FD0 /* PBXTargetDependency */ = {
			isa = PBXTargetDependency;
			target = 1845633D1AC0E7C100CF7FD0 /* WJSwiftDictModel */;
			targetProxy = 184563541AC0E7C200CF7FD0 /* PBXContainerItemProxy */;
		};
/* End PBXTargetDependency section */

/* Begin PBXVariantGroup section */
		184563471AC0E7C100CF7FD0 /* Main.storyboard */ = {
			isa = PBXVariantGroup;
			children = (
				184563481AC0E7C100CF7FD0 /* Base */,
			);
			name = Main.storyboard;
			sourceTree = "<group>";
		};
		1845634C1AC0E7C100CF7FD0 /* LaunchScreen.xib */ = {
			isa = PBXVariantGroup;
			children = (
				1845634D1AC0E7C100CF7FD0 /* Base */,
			);
			name = LaunchScreen.xib;
			sourceTree = "<group>";
		};
/* End PBXVariantGroup section */

/* Begin XCBuildConfiguration section */
		1845635B1AC0E7C200CF7FD0 /* Debug */ = {
			isa = XCBuildConfiguration;
			buildSettings = {
				ALWAYS_SEARCH_USER_PATHS = NO;
				CLANG_CXX_LANGUAGE_STANDARD = "gnu++0x";
				CLANG_CXX_LIBRARY = "libc++";
				CLANG_ENABLE_MODULES = YES;
				CLANG_ENABLE_OBJC_ARC = YES;
				CLANG_WARN_BOOL_CONVERSION = YES;
				CLANG_WARN_CONSTANT_CONVERSION = YES;
				CLANG_WARN_DIRECT_OBJC_ISA_USAGE = YES_ERROR;
				CLANG_WARN_EMPTY_BODY = YES;
				CLANG_WARN_ENUM_CONVERSION = YES;
				CLANG_WARN_INT_CONVERSION = YES;
				CLANG_WARN_OBJC_ROOT_CLASS = YES_ERROR;
				CLANG_WARN_UNREACHABLE_CODE = YES;
				CLANG_WARN__DUPLICATE_METHOD_MATCH = YES;
				"CODE_SIGN_IDENTITY[sdk=iphoneos*]" = "iPhone Developer";
				COPY_PHASE_STRIP = NO;
				DEBUG_INFORMATION_FORMAT = "dwarf-with-dsym";
				ENABLE_STRICT_OBJC_MSGSEND = YES;
				GCC_C_LANGUAGE_STANDARD = gnu99;
				GCC_DYNAMIC_NO_PIC = NO;
				GCC_NO_COMMON_BLOCKS = YES;
				GCC_OPTIMIZATION_LEVEL = 0;
				GCC_PREPROCESSOR_DEFINITIONS = (
					"DEBUG=1",
					"$(inherited)",
				);
				GCC_SYMBOLS_PRIVATE_EXTERN = NO;
				GCC_WARN_64_TO_32_BIT_CONVERSION = YES;
				GCC_WARN_ABOUT_RETURN_TYPE = YES_ERROR;
				GCC_WARN_UNDECLARED_SELECTOR = YES;
				GCC_WARN_UNINITIALIZED_AUTOS = YES_AGGRESSIVE;
				GCC_WARN_UNUSED_FUNCTION = YES;
				GCC_WARN_UNUSED_VARIABLE = YES;
				IPHONEOS_DEPLOYMENT_TARGET = 8.3;
				MTL_ENABLE_DEBUG_INFO = YES;
				ONLY_ACTIVE_ARCH = YES;
				SDKROOT = iphoneos;
				SWIFT_OPTIMIZATION_LEVEL = "-Onone";
			};
			name = Debug;
		};
		1845635C1AC0E7C200CF7FD0 /* Release */ = {
			isa = XCBuildConfiguration;
			buildSettings = {
				ALWAYS_SEARCH_USER_PATHS = NO;
				CLANG_CXX_LANGUAGE_STANDARD = "gnu++0x";
				CLANG_CXX_LIBRARY = "libc++";
				CLANG_ENABLE_MODULES = YES;
				CLANG_ENABLE_OBJC_ARC = YES;
				CLANG_WARN_BOOL_CONVERSION = YES;
				CLANG_WARN_CONSTANT_CONVERSION = YES;
				CLANG_WARN_DIRECT_OBJC_ISA_USAGE = YES_ERROR;
				CLANG_WARN_EMPTY_BODY = YES;
				CLANG_WARN_ENUM_CONVERSION = YES;
				CLANG_WARN_INT_CONVERSION = YES;
				CLANG_WARN_OBJC_ROOT_CLASS = YES_ERROR;
				CLANG_WARN_UNREACHABLE_CODE = YES;
				CLANG_WARN__DUPLICATE_METHOD_MATCH = YES;
				"CODE_SIGN_IDENTITY[sdk=iphoneos*]" = "iPhone Developer";
				COPY_PHASE_STRIP = NO;
				DEBUG_INFORMATION_FORMAT = "dwarf-with-dsym";
				ENABLE_NS_ASSERTIONS = NO;
				ENABLE_STRICT_OBJC_MSGSEND = YES;
				GCC_C_LANGUAGE_STANDARD = gnu99;
				GCC_NO_COMMON_BLOCKS = YES;
				GCC_WARN_64_TO_32_BIT_CONVERSION = YES;
				GCC_WARN_ABOUT_RETURN_TYPE = YES_ERROR;
				GCC_WARN_UNDECLARED_SELECTOR = YES;
				GCC_WARN_UNINITIALIZED_AUTOS = YES_AGGRESSIVE;
				GCC_WARN_UNUSED_FUNCTION = YES;
				GCC_WARN_UNUSED_VARIABLE = YES;
				IPHONEOS_DEPLOYMENT_TARGET = 8.3;
				MTL_ENABLE_DEBUG_INFO = NO;
				SDKROOT = iphoneos;
				VALIDATE_PRODUCT = YES;
			};
			name = Release;
		};
		1845635E1AC0E7C200CF7FD0 /* Debug */ = {
			isa = XCBuildConfiguration;
			buildSettings = {
				ASSETCATALOG_COMPILER_APPICON_NAME = AppIcon;
				INFOPLIST_FILE = WJSwiftDictModel/Info.plist;
				LD_RUNPATH_SEARCH_PATHS = "$(inherited) @executable_path/Frameworks";
				PRODUCT_NAME = "$(TARGET_NAME)";
			};
			name = Debug;
		};
		1845635F1AC0E7C200CF7FD0 /* Release */ = {
			isa = XCBuildConfiguration;
			buildSettings = {
				ASSETCATALOG_COMPILER_APPICON_NAME = AppIcon;
				INFOPLIST_FILE = WJSwiftDictModel/Info.plist;
				LD_RUNPATH_SEARCH_PATHS = "$(inherited) @executable_path/Frameworks";
				PRODUCT_NAME = "$(TARGET_NAME)";
			};
			name = Release;
		};
		184563611AC0E7C200CF7FD0 /* Debug */ = {
			isa = XCBuildConfiguration;
			buildSettings = {
				BUNDLE_LOADER = "$(TEST_HOST)";
				FRAMEWORK_SEARCH_PATHS = (
					"$(SDKROOT)/Developer/Library/Frameworks",
					"$(inherited)",
				);
				GCC_PREPROCESSOR_DEFINITIONS = (
					"DEBUG=1",
					"$(inherited)",
				);
				INFOPLIST_FILE = WJSwiftDictModelTests/Info.plist;
				LD_RUNPATH_SEARCH_PATHS = "$(inherited) @executable_path/Frameworks @loader_path/Frameworks";
				PRODUCT_NAME = "$(TARGET_NAME)";
				TEST_HOST = "$(BUILT_PRODUCTS_DIR)/WJSwiftDictModel.app/WJSwiftDictModel";
			};
			name = Debug;
		};
		184563621AC0E7C200CF7FD0 /* Release */ = {
			isa = XCBuildConfiguration;
			buildSettings = {
				BUNDLE_LOADER = "$(TEST_HOST)";
				FRAMEWORK_SEARCH_PATHS = (
					"$(SDKROOT)/Developer/Library/Frameworks",
					"$(inherited)",
				);
				INFOPLIST_FILE = WJSwiftDictModelTests/Info.plist;
				LD_RUNPATH_SEARCH_PATHS = "$(inherited) @executable_path/Frameworks @loader_path/Frameworks";
				PRODUCT_NAME = "$(TARGET_NAME)";
				TEST_HOST = "$(BUILT_PRODUCTS_DIR)/WJSwiftDictModel.app/WJSwiftDictModel";
			};
			name = Release;
		};
/* End XCBuildConfiguration section */

/* Begin XCConfigurationList section */
		184563391AC0E7C100CF7FD0 /* Build configuration list for PBXProject "WJSwiftDictModel" */ = {
			isa = XCConfigurationList;
			buildConfigurations = (
				1845635B1AC0E7C200CF7FD0 /* Debug */,
				1845635C1AC0E7C200CF7FD0 /* Release */,
			);
			defaultConfigurationIsVisible = 0;
			defaultConfigurationName = Release;
		};
		1845635D1AC0E7C200CF7FD0 /* Build configuration list for PBXNativeTarget "WJSwiftDictModel" */ = {
			isa = XCConfigurationList;
			buildConfigurations = (
				1845635E1AC0E7C200CF7FD0 /* Debug */,
				1845635F1AC0E7C200CF7FD0 /* Release */,
			);
			defaultConfigurationIsVisible = 0;
		};
		184563601AC0E7C200CF7FD0 /* Build configuration list for PBXNativeTarget "WJSwiftDictModelTests" */ = {
			isa = XCConfigurationList;
			buildConfigurations = (
				184563611AC0E7C200CF7FD0 /* Debug */,
				184563621AC0E7C200CF7FD0 /* Release */,
			);
			defaultConfigurationIsVisible = 0;
		};
/* End XCConfigurationList section */
	};
	rootObject = 184563361AC0E7C100CF7FD0 /* Project object */;
}
